
Microsoft Visual Studio Solution File, Format Version 12.00
# Visual Studio Version 17
VisualStudioVersion = 17.6.33723.286
MinimumVisualStudioVersion = 10.0.40219.1
Project("{2150E333-8FDC-42A3-9474-1A3956D46DE8}") = "Mods", "Mods", "{EC2CEA14-2FEC-4764-B41C-8163C5FFACFF}"
EndProject
Project("{2150E333-8FDC-42A3-9474-1A3956D46DE8}") = "Other", "Other", "{9C982577-70F7-41CF-A14D-3F619A796A69}"
EndProject
Project("{2150E333-8FDC-42A3-9474-1A3956D46DE8}") = "Solution Items", "Solution Items", "{13E78654-9208-4693-B4BC-2EFF57E06226}"
	ProjectSection(SolutionItems) = preProject
		.editorconfig = .editorconfig
		nuget.config = nuget.config
		RamuneLib.md = RamuneLib.md
	EndProjectSection
EndProject
Project("{FAE04EC0-301F-11D3-BF4B-00C04F79EFBC}") = "1.0.0 -- RadiantBlade", "RadiantBlade\1.0.0 -- RadiantBlade.csproj", "{4CFB3351-A4EC-4A7B-8C2E-B6FEC69DF95F}"
EndProject
Project("{2150E333-8FDC-42A3-9474-1A3956D46DE8}") = "Completed", "Completed", "{EEFC6651-1C3F-4FA8-808A-51109E01496C}"
EndProject
Project("{2150E333-8FDC-42A3-9474-1A3956D46DE8}") = "Developing", "Developing", "{B9752D78-4A37-4D30-B433-B10F05CD4A23}"
EndProject
Project("{FAE04EC0-301F-11D3-BF4B-00C04F79EFBC}") = "2.0.0 -- SeamothSprint", "SeamothSprint\2.0.0 -- SeamothSprint.csproj", "{46C5CABF-7294-4203-A6F5-EC3EC8B0B7A1}"
EndProject
Project("{FAE04EC0-301F-11D3-BF4B-00C04F79EFBC}") = "1.0.0 -- StasisModule", "StasisModule\1.0.0 -- StasisModule.csproj", "{D113021B-3132-4BFA-8AB7-827868B40DAD}"
EndProject
Project("{FAE04EC0-301F-11D3-BF4B-00C04F79EFBC}") = "1.0.0 -- StalkersDropTeethWhenTheyDie", "StalkersDropTeeth\1.0.0 -- StalkersDropTeethWhenTheyDie.csproj", "{5028E6CD-6A8A-4DAB-A6BD-29A3BFD39FDA}"
EndProject
Project("{FAE04EC0-301F-11D3-BF4B-00C04F79EFBC}") = "1.0.0 -- NoPassiveScannerRoomPowerDrain", "NoPassiveScannerRoomPowerDrain\1.0.0 -- NoPassiveScannerRoomPowerDrain.csproj", "{E0D65556-6FB9-4B1E-860E-B2E8352209F2}"
EndProject
Project("{FAE04EC0-301F-11D3-BF4B-00C04F79EFBC}") = "1.0.0 -- HideMaskInPDA", "HideMaskInPDA\1.0.0 -- HideMaskInPDA.csproj", "{421BC22B-B46E-408D-838E-E1668B93D22B}"
EndProject
Project("{2150E333-8FDC-42A3-9474-1A3956D46DE8}") = "Updating", "Updating", "{C2A25EE3-05E2-47AC-BBD0-F38161D5A1D1}"
EndProject
Project("{FAE04EC0-301F-11D3-BF4B-00C04F79EFBC}") = "2.0.1 -- PrawnSuitLightSwitch", "PrawnSuitLightSwitch\2.0.1 -- PrawnSuitLightSwitch.csproj", "{69364C13-26FD-44A3-8114-685B7BBCC907}"
EndProject
Project("{FAE04EC0-301F-11D3-BF4B-00C04F79EFBC}") = "2.0.0 -- FasterScanning", "FasterScanning\2.0.0 -- FasterScanning.csproj", "{A8601836-3C85-4F6D-898B-28BB0339417C}"
EndProject
Project("{FAE04EC0-301F-11D3-BF4B-00C04F79EFBC}") = "2.0.0 -- BZEnameledGlass", "BZEnameledGlass\2.0.0 -- BZEnameledGlass.csproj", "{AB2B66E9-D9D9-48C6-9F88-46BFFE983A06}"
EndProject
Project("{FAE04EC0-301F-11D3-BF4B-00C04F79EFBC}") = "2.0.0 -- BZTitaniumIngot", "BZTitaniumIngot\2.0.0 -- BZTitaniumIngot.csproj", "{98630182-8B45-4EF7-B0CC-7AD81774870D}"
EndProject
Project("{2150E333-8FDC-42A3-9474-1A3956D46DE8}") = "Released", "Released", "{70D29BC4-8785-4C79-83CC-3F3EBD03C27F}"
EndProject
Project("{2150E333-8FDC-42A3-9474-1A3956D46DE8}") = "Waiting", "Waiting", "{5C240343-8BF3-47CB-8F9E-57AF31662AF1}"
EndProject
Project("{FAE04EC0-301F-11D3-BF4B-00C04F79EFBC}") = "2.0.0 -- DecoFabricator", "DecoFabricator\2.0.0 -- DecoFabricator.csproj", "{B3CA2907-96A4-4F33-AA2A-6A42F70EFA3D}"
EndProject
Project("{FAE04EC0-301F-11D3-BF4B-00C04F79EFBC}") = "2.0.0 -- EnableAchievements", "EnableAchievements\2.0.0 -- EnableAchievements.csproj", "{1E8CBF6F-D66E-40E8-834B-F85EE6C3AA5D}"
EndProject
Project("{FAE04EC0-301F-11D3-BF4B-00C04F79EFBC}") = "2.0.0 -- TableCoralMultiplier", "TableCoralMultiplier\2.0.0 -- TableCoralMultiplier.csproj", "{E9BA4B5B-43A6-405B-9B84-9EDC1ADC5671}"
EndProject
Project("{FAE04EC0-301F-11D3-BF4B-00C04F79EFBC}") = "2.0.0 -- SeaglideUpgrades", "SeaglideUpgrades\2.0.0 -- SeaglideUpgrades.csproj", "{9B448119-10C0-4364-AB65-D54006DABA5F}"
EndProject
Project("{FAE04EC0-301F-11D3-BF4B-00C04F79EFBC}") = "2.0.0 -- OrganizedWorkbench", "OrganizedWorkbench\2.0.0 -- OrganizedWorkbench.csproj", "{8189DD95-5CD6-4392-86B7-E39A788672E3}"
EndProject
Project("{FAE04EC0-301F-11D3-BF4B-00C04F79EFBC}") = "1.0.0 -- EscapeClosesPDA", "WorkbenchQuickfix\1.0.0 -- EscapeClosesPDA.csproj", "{CDE97852-8F6E-4B38-91CA-5686E206DC5A}"
EndProject
Project("{FAE04EC0-301F-11D3-BF4B-00C04F79EFBC}") = "1.1.0 -- SimpleCoordinates", "SimpleCoordinates\1.1.0 -- SimpleCoordinates.csproj", "{A37F3786-3C9A-4CC8-8418-92CBBA9E8325}"
EndProject
Project("{FAE04EC0-301F-11D3-BF4B-00C04F79EFBC}") = "1.0.0 -- NoCrashfish", "NoCrashfish\1.0.0 -- NoCrashfish.csproj", "{E36D6884-0992-4E0D-8804-F7BE9A288E43}"
EndProject
Project("{FAE04EC0-301F-11D3-BF4B-00C04F79EFBC}") = "1.0.0 -- LuckyOutcrops", "LuckyOutcrops\1.0.0 -- LuckyOutcrops.csproj", "{4698AE5D-9D4F-4672-A0CD-6D868514D581}"
EndProject
Project("{FAE04EC0-301F-11D3-BF4B-00C04F79EFBC}") = "2.0.0 -- OxygenCanisters", "OxygenCanisters\2.0.0 -- OxygenCanisters.csproj", "{B3E0E082-806B-49EF-B937-4DADBD81819A}"
EndProject
Project("{FAE04EC0-301F-11D3-BF4B-00C04F79EFBC}") = "1.0.0 -- SeaglideBoosting", "SeaglideBoosting\1.0.0 -- SeaglideBoosting.csproj", "{7477B24D-37CA-40AF-A667-EC2B4AAFB489}"
EndProject
Project("{FAE04EC0-301F-11D3-BF4B-00C04F79EFBC}") = "1.0.0 -- ConfigurableSeaglide", "ConfigurableSeaglide\1.0.0 -- ConfigurableSeaglide.csproj", "{2AA9CAEB-9C92-46A2-961F-53868B8FC699}"
EndProject
Project("{FAE04EC0-301F-11D3-BF4B-00C04F79EFBC}") = "2.0.0 -- MegaO2Tank", "MegaO2Tank\2.0.0 -- MegaO2Tank.csproj", "{B06E1E39-1960-419C-A9DD-A702F729F76A}"
EndProject
Project("{2150E333-8FDC-42A3-9474-1A3956D46DE8}") = "Beta", "Beta", "{A9B78204-FAE3-4497-A3F6-D1631C3E40A2}"
EndProject
Project("{FAE04EC0-301F-11D3-BF4B-00C04F79EFBC}") = "1.0.0 -- RamunesIonCyclops", "RamunesIonCyclops\1.0.0 -- RamunesIonCyclops.csproj", "{E28CA11D-CDA1-47BD-AD35-04A459077AFF}"
EndProject
Project("{FAE04EC0-301F-11D3-BF4B-00C04F79EFBC}") = "1.0.0 -- StasisConfigurableStuff", "StasisConfigurableStuff\1.0.0 -- StasisConfigurableStuff.csproj", "{6EBF2F0D-5AB5-4868-97AF-410458604D6D}"
EndProject
Project("{FAE04EC0-301F-11D3-BF4B-00C04F79EFBC}") = "1.0.0 -- NoEpilepsyWarning", "NoEpilepsyWarning\1.0.0 -- NoEpilepsyWarning.csproj", "{35A8660B-874F-4A8D-8EA4-8E67A5B2E258}"
EndProject
Project("{FAE04EC0-301F-11D3-BF4B-00C04F79EFBC}") = "1.0.0 -- CreatureBefriending", "CreatureBefriending\1.0.0 -- CreatureBefriending.csproj", "{64327DBF-906B-48ED-A438-19F13D2B7A32}"
EndProject
Project("{FAE04EC0-301F-11D3-BF4B-00C04F79EFBC}") = "1.0.0 -- RamunesWorkbench", "RamunesWorkbench\1.0.0 -- RamunesWorkbench.csproj", "{752A9808-E767-4D24-A865-3A7525490874}"
EndProject
Project("{2150E333-8FDC-42A3-9474-1A3956D46DE8}") = "Workbench", "Workbench", "{27A7DA9D-B5BA-4E23-9724-9AB2918295DC}"
EndProject
Project("{D954291E-2A0B-460D-934E-DC6B0785DB48}") = "RewrittenRamuneLib", "RewrittenRamuneLib\RewrittenRamuneLib.shproj", "{EBB8A44E-C589-4F9B-BFE8-209603E19EEA}"
EndProject
Project("{2150E333-8FDC-42A3-9474-1A3956D46DE8}") = "Main", "Main", "{68FAC122-F6FF-4573-BF58-6818C795CB4E}"
EndProject
Project("{2150E333-8FDC-42A3-9474-1A3956D46DE8}") = "Other", "Other", "{25843328-A9BA-4FA0-ACAC-D76B81A63116}"
EndProject
Global
	GlobalSection(SolutionConfigurationPlatforms) = preSolution
		Debug|Any CPU = Debug|Any CPU
		Release|Any CPU = Release|Any CPU
	EndGlobalSection
	GlobalSection(ProjectConfigurationPlatforms) = postSolution
		{4CFB3351-A4EC-4A7B-8C2E-B6FEC69DF95F}.Debug|Any CPU.ActiveCfg = Debug|Any CPU
		{4CFB3351-A4EC-4A7B-8C2E-B6FEC69DF95F}.Debug|Any CPU.Build.0 = Debug|Any CPU
		{4CFB3351-A4EC-4A7B-8C2E-B6FEC69DF95F}.Release|Any CPU.ActiveCfg = Release|Any CPU
		{4CFB3351-A4EC-4A7B-8C2E-B6FEC69DF95F}.Release|Any CPU.Build.0 = Release|Any CPU
		{46C5CABF-7294-4203-A6F5-EC3EC8B0B7A1}.Debug|Any CPU.ActiveCfg = Debug|Any CPU
		{46C5CABF-7294-4203-A6F5-EC3EC8B0B7A1}.Debug|Any CPU.Build.0 = Debug|Any CPU
		{46C5CABF-7294-4203-A6F5-EC3EC8B0B7A1}.Release|Any CPU.ActiveCfg = Release|Any CPU
		{46C5CABF-7294-4203-A6F5-EC3EC8B0B7A1}.Release|Any CPU.Build.0 = Release|Any CPU
		{D113021B-3132-4BFA-8AB7-827868B40DAD}.Debug|Any CPU.ActiveCfg = Debug|Any CPU
		{D113021B-3132-4BFA-8AB7-827868B40DAD}.Debug|Any CPU.Build.0 = Debug|Any CPU
		{D113021B-3132-4BFA-8AB7-827868B40DAD}.Release|Any CPU.ActiveCfg = Release|Any CPU
		{D113021B-3132-4BFA-8AB7-827868B40DAD}.Release|Any CPU.Build.0 = Release|Any CPU
		{5028E6CD-6A8A-4DAB-A6BD-29A3BFD39FDA}.Debug|Any CPU.ActiveCfg = Debug|Any CPU
		{5028E6CD-6A8A-4DAB-A6BD-29A3BFD39FDA}.Debug|Any CPU.Build.0 = Debug|Any CPU
		{5028E6CD-6A8A-4DAB-A6BD-29A3BFD39FDA}.Release|Any CPU.ActiveCfg = Release|Any CPU
		{5028E6CD-6A8A-4DAB-A6BD-29A3BFD39FDA}.Release|Any CPU.Build.0 = Release|Any CPU
		{E0D65556-6FB9-4B1E-860E-B2E8352209F2}.Debug|Any CPU.ActiveCfg = Debug|Any CPU
		{E0D65556-6FB9-4B1E-860E-B2E8352209F2}.Debug|Any CPU.Build.0 = Debug|Any CPU
		{E0D65556-6FB9-4B1E-860E-B2E8352209F2}.Release|Any CPU.ActiveCfg = Release|Any CPU
		{E0D65556-6FB9-4B1E-860E-B2E8352209F2}.Release|Any CPU.Build.0 = Release|Any CPU
		{421BC22B-B46E-408D-838E-E1668B93D22B}.Debug|Any CPU.ActiveCfg = Debug|Any CPU
		{421BC22B-B46E-408D-838E-E1668B93D22B}.Debug|Any CPU.Build.0 = Debug|Any CPU
		{421BC22B-B46E-408D-838E-E1668B93D22B}.Release|Any CPU.ActiveCfg = Release|Any CPU
		{421BC22B-B46E-408D-838E-E1668B93D22B}.Release|Any CPU.Build.0 = Release|Any CPU
		{69364C13-26FD-44A3-8114-685B7BBCC907}.Debug|Any CPU.ActiveCfg = Debug|Any CPU
		{69364C13-26FD-44A3-8114-685B7BBCC907}.Debug|Any CPU.Build.0 = Debug|Any CPU
		{69364C13-26FD-44A3-8114-685B7BBCC907}.Release|Any CPU.ActiveCfg = Release|Any CPU
		{69364C13-26FD-44A3-8114-685B7BBCC907}.Release|Any CPU.Build.0 = Release|Any CPU
		{A8601836-3C85-4F6D-898B-28BB0339417C}.Debug|Any CPU.ActiveCfg = Debug|Any CPU
		{A8601836-3C85-4F6D-898B-28BB0339417C}.Debug|Any CPU.Build.0 = Debug|Any CPU
		{A8601836-3C85-4F6D-898B-28BB0339417C}.Release|Any CPU.ActiveCfg = Release|Any CPU
		{A8601836-3C85-4F6D-898B-28BB0339417C}.Release|Any CPU.Build.0 = Release|Any CPU
		{AB2B66E9-D9D9-48C6-9F88-46BFFE983A06}.Debug|Any CPU.ActiveCfg = Debug|Any CPU
		{AB2B66E9-D9D9-48C6-9F88-46BFFE983A06}.Debug|Any CPU.Build.0 = Debug|Any CPU
		{AB2B66E9-D9D9-48C6-9F88-46BFFE983A06}.Release|Any CPU.ActiveCfg = Release|Any CPU
		{AB2B66E9-D9D9-48C6-9F88-46BFFE983A06}.Release|Any CPU.Build.0 = Release|Any CPU
		{98630182-8B45-4EF7-B0CC-7AD81774870D}.Debug|Any CPU.ActiveCfg = Debug|Any CPU
		{98630182-8B45-4EF7-B0CC-7AD81774870D}.Debug|Any CPU.Build.0 = Debug|Any CPU
		{98630182-8B45-4EF7-B0CC-7AD81774870D}.Release|Any CPU.ActiveCfg = Release|Any CPU
		{98630182-8B45-4EF7-B0CC-7AD81774870D}.Release|Any CPU.Build.0 = Release|Any CPU
		{B3CA2907-96A4-4F33-AA2A-6A42F70EFA3D}.Debug|Any CPU.ActiveCfg = Debug|Any CPU
		{B3CA2907-96A4-4F33-AA2A-6A42F70EFA3D}.Debug|Any CPU.Build.0 = Debug|Any CPU
		{B3CA2907-96A4-4F33-AA2A-6A42F70EFA3D}.Release|Any CPU.ActiveCfg = Release|Any CPU
		{B3CA2907-96A4-4F33-AA2A-6A42F70EFA3D}.Release|Any CPU.Build.0 = Release|Any CPU
		{1E8CBF6F-D66E-40E8-834B-F85EE6C3AA5D}.Debug|Any CPU.ActiveCfg = Debug|Any CPU
		{1E8CBF6F-D66E-40E8-834B-F85EE6C3AA5D}.Debug|Any CPU.Build.0 = Debug|Any CPU
		{1E8CBF6F-D66E-40E8-834B-F85EE6C3AA5D}.Release|Any CPU.ActiveCfg = Release|Any CPU
		{1E8CBF6F-D66E-40E8-834B-F85EE6C3AA5D}.Release|Any CPU.Build.0 = Release|Any CPU
		{E9BA4B5B-43A6-405B-9B84-9EDC1ADC5671}.Debug|Any CPU.ActiveCfg = Debug|Any CPU
		{E9BA4B5B-43A6-405B-9B84-9EDC1ADC5671}.Debug|Any CPU.Build.0 = Debug|Any CPU
		{E9BA4B5B-43A6-405B-9B84-9EDC1ADC5671}.Release|Any CPU.ActiveCfg = Release|Any CPU
		{E9BA4B5B-43A6-405B-9B84-9EDC1ADC5671}.Release|Any CPU.Build.0 = Release|Any CPU
		{9B448119-10C0-4364-AB65-D54006DABA5F}.Debug|Any CPU.ActiveCfg = Debug|Any CPU
		{9B448119-10C0-4364-AB65-D54006DABA5F}.Debug|Any CPU.Build.0 = Debug|Any CPU
		{9B448119-10C0-4364-AB65-D54006DABA5F}.Release|Any CPU.ActiveCfg = Release|Any CPU
		{9B448119-10C0-4364-AB65-D54006DABA5F}.Release|Any CPU.Build.0 = Release|Any CPU
		{8189DD95-5CD6-4392-86B7-E39A788672E3}.Debug|Any CPU.ActiveCfg = Debug|Any CPU
		{8189DD95-5CD6-4392-86B7-E39A788672E3}.Debug|Any CPU.Build.0 = Debug|Any CPU
		{8189DD95-5CD6-4392-86B7-E39A788672E3}.Release|Any CPU.ActiveCfg = Release|Any CPU
		{8189DD95-5CD6-4392-86B7-E39A788672E3}.Release|Any CPU.Build.0 = Release|Any CPU
		{CDE97852-8F6E-4B38-91CA-5686E206DC5A}.Debug|Any CPU.ActiveCfg = Debug|Any CPU
		{CDE97852-8F6E-4B38-91CA-5686E206DC5A}.Debug|Any CPU.Build.0 = Debug|Any CPU
		{CDE97852-8F6E-4B38-91CA-5686E206DC5A}.Release|Any CPU.ActiveCfg = Release|Any CPU
		{CDE97852-8F6E-4B38-91CA-5686E206DC5A}.Release|Any CPU.Build.0 = Release|Any CPU
		{A37F3786-3C9A-4CC8-8418-92CBBA9E8325}.Debug|Any CPU.ActiveCfg = Debug|Any CPU
		{A37F3786-3C9A-4CC8-8418-92CBBA9E8325}.Debug|Any CPU.Build.0 = Debug|Any CPU
		{A37F3786-3C9A-4CC8-8418-92CBBA9E8325}.Release|Any CPU.ActiveCfg = Release|Any CPU
		{A37F3786-3C9A-4CC8-8418-92CBBA9E8325}.Release|Any CPU.Build.0 = Release|Any CPU
		{E36D6884-0992-4E0D-8804-F7BE9A288E43}.Debug|Any CPU.ActiveCfg = Debug|Any CPU
		{E36D6884-0992-4E0D-8804-F7BE9A288E43}.Debug|Any CPU.Build.0 = Debug|Any CPU
		{E36D6884-0992-4E0D-8804-F7BE9A288E43}.Release|Any CPU.ActiveCfg = Release|Any CPU
		{E36D6884-0992-4E0D-8804-F7BE9A288E43}.Release|Any CPU.Build.0 = Release|Any CPU
		{4698AE5D-9D4F-4672-A0CD-6D868514D581}.Debug|Any CPU.ActiveCfg = Debug|Any CPU
		{4698AE5D-9D4F-4672-A0CD-6D868514D581}.Debug|Any CPU.Build.0 = Debug|Any CPU
		{4698AE5D-9D4F-4672-A0CD-6D868514D581}.Release|Any CPU.ActiveCfg = Release|Any CPU
		{4698AE5D-9D4F-4672-A0CD-6D868514D581}.Release|Any CPU.Build.0 = Release|Any CPU
		{B3E0E082-806B-49EF-B937-4DADBD81819A}.Debug|Any CPU.ActiveCfg = Debug|Any CPU
		{B3E0E082-806B-49EF-B937-4DADBD81819A}.Debug|Any CPU.Build.0 = Debug|Any CPU
		{B3E0E082-806B-49EF-B937-4DADBD81819A}.Release|Any CPU.ActiveCfg = Release|Any CPU
		{B3E0E082-806B-49EF-B937-4DADBD81819A}.Release|Any CPU.Build.0 = Release|Any CPU
		{7477B24D-37CA-40AF-A667-EC2B4AAFB489}.Debug|Any CPU.ActiveCfg = Debug|Any CPU
		{7477B24D-37CA-40AF-A667-EC2B4AAFB489}.Debug|Any CPU.Build.0 = Debug|Any CPU
		{7477B24D-37CA-40AF-A667-EC2B4AAFB489}.Release|Any CPU.ActiveCfg = Release|Any CPU
		{7477B24D-37CA-40AF-A667-EC2B4AAFB489}.Release|Any CPU.Build.0 = Release|Any CPU
		{2AA9CAEB-9C92-46A2-961F-53868B8FC699}.Debug|Any CPU.ActiveCfg = Debug|Any CPU
		{2AA9CAEB-9C92-46A2-961F-53868B8FC699}.Debug|Any CPU.Build.0 = Debug|Any CPU
		{2AA9CAEB-9C92-46A2-961F-53868B8FC699}.Release|Any CPU.ActiveCfg = Release|Any CPU
		{2AA9CAEB-9C92-46A2-961F-53868B8FC699}.Release|Any CPU.Build.0 = Release|Any CPU
		{B06E1E39-1960-419C-A9DD-A702F729F76A}.Debug|Any CPU.ActiveCfg = Debug|Any CPU
		{B06E1E39-1960-419C-A9DD-A702F729F76A}.Debug|Any CPU.Build.0 = Debug|Any CPU
		{B06E1E39-1960-419C-A9DD-A702F729F76A}.Release|Any CPU.ActiveCfg = Release|Any CPU
		{B06E1E39-1960-419C-A9DD-A702F729F76A}.Release|Any CPU.Build.0 = Release|Any CPU
		{E28CA11D-CDA1-47BD-AD35-04A459077AFF}.Debug|Any CPU.ActiveCfg = Debug|Any CPU
		{E28CA11D-CDA1-47BD-AD35-04A459077AFF}.Debug|Any CPU.Build.0 = Debug|Any CPU
		{E28CA11D-CDA1-47BD-AD35-04A459077AFF}.Release|Any CPU.ActiveCfg = Release|Any CPU
		{E28CA11D-CDA1-47BD-AD35-04A459077AFF}.Release|Any CPU.Build.0 = Release|Any CPU
		{6EBF2F0D-5AB5-4868-97AF-410458604D6D}.Debug|Any CPU.ActiveCfg = Debug|Any CPU
		{6EBF2F0D-5AB5-4868-97AF-410458604D6D}.Debug|Any CPU.Build.0 = Debug|Any CPU
		{6EBF2F0D-5AB5-4868-97AF-410458604D6D}.Release|Any CPU.ActiveCfg = Release|Any CPU
		{6EBF2F0D-5AB5-4868-97AF-410458604D6D}.Release|Any CPU.Build.0 = Release|Any CPU
		{35A8660B-874F-4A8D-8EA4-8E67A5B2E258}.Debug|Any CPU.ActiveCfg = Debug|Any CPU
		{35A8660B-874F-4A8D-8EA4-8E67A5B2E258}.Debug|Any CPU.Build.0 = Debug|Any CPU
		{35A8660B-874F-4A8D-8EA4-8E67A5B2E258}.Release|Any CPU.ActiveCfg = Release|Any CPU
		{35A8660B-874F-4A8D-8EA4-8E67A5B2E258}.Release|Any CPU.Build.0 = Release|Any CPU
		{64327DBF-906B-48ED-A438-19F13D2B7A32}.Debug|Any CPU.ActiveCfg = Debug|Any CPU
		{64327DBF-906B-48ED-A438-19F13D2B7A32}.Debug|Any CPU.Build.0 = Debug|Any CPU
		{64327DBF-906B-48ED-A438-19F13D2B7A32}.Release|Any CPU.ActiveCfg = Release|Any CPU
		{64327DBF-906B-48ED-A438-19F13D2B7A32}.Release|Any CPU.Build.0 = Release|Any CPU
		{752A9808-E767-4D24-A865-3A7525490874}.Debug|Any CPU.ActiveCfg = Debug|Any CPU
		{752A9808-E767-4D24-A865-3A7525490874}.Debug|Any CPU.Build.0 = Debug|Any CPU
		{752A9808-E767-4D24-A865-3A7525490874}.Release|Any CPU.ActiveCfg = Release|Any CPU
		{752A9808-E767-4D24-A865-3A7525490874}.Release|Any CPU.Build.0 = Release|Any CPU
	EndGlobalSection
	GlobalSection(SolutionProperties) = preSolution
		HideSolutionNode = FALSE
	EndGlobalSection
	GlobalSection(NestedProjects) = preSolution
		{4CFB3351-A4EC-4A7B-8C2E-B6FEC69DF95F} = {27A7DA9D-B5BA-4E23-9724-9AB2918295DC}
		{EEFC6651-1C3F-4FA8-808A-51109E01496C} = {68FAC122-F6FF-4573-BF58-6818C795CB4E}
		{B9752D78-4A37-4D30-B433-B10F05CD4A23} = {68FAC122-F6FF-4573-BF58-6818C795CB4E}
		{46C5CABF-7294-4203-A6F5-EC3EC8B0B7A1} = {5C240343-8BF3-47CB-8F9E-57AF31662AF1}
		{D113021B-3132-4BFA-8AB7-827868B40DAD} = {27A7DA9D-B5BA-4E23-9724-9AB2918295DC}
		{5028E6CD-6A8A-4DAB-A6BD-29A3BFD39FDA} = {70D29BC4-8785-4C79-83CC-3F3EBD03C27F}
		{E0D65556-6FB9-4B1E-860E-B2E8352209F2} = {A9B78204-FAE3-4497-A3F6-D1631C3E40A2}
		{421BC22B-B46E-408D-838E-E1668B93D22B} = {A9B78204-FAE3-4497-A3F6-D1631C3E40A2}
		{C2A25EE3-05E2-47AC-BBD0-F38161D5A1D1} = {68FAC122-F6FF-4573-BF58-6818C795CB4E}
		{69364C13-26FD-44A3-8114-685B7BBCC907} = {5C240343-8BF3-47CB-8F9E-57AF31662AF1}
		{A8601836-3C85-4F6D-898B-28BB0339417C} = {70D29BC4-8785-4C79-83CC-3F3EBD03C27F}
		{AB2B66E9-D9D9-48C6-9F88-46BFFE983A06} = {5C240343-8BF3-47CB-8F9E-57AF31662AF1}
		{98630182-8B45-4EF7-B0CC-7AD81774870D} = {5C240343-8BF3-47CB-8F9E-57AF31662AF1}
		{70D29BC4-8785-4C79-83CC-3F3EBD03C27F} = {EEFC6651-1C3F-4FA8-808A-51109E01496C}
		{5C240343-8BF3-47CB-8F9E-57AF31662AF1} = {EEFC6651-1C3F-4FA8-808A-51109E01496C}
		{B3CA2907-96A4-4F33-AA2A-6A42F70EFA3D} = {5C240343-8BF3-47CB-8F9E-57AF31662AF1}
		{1E8CBF6F-D66E-40E8-834B-F85EE6C3AA5D} = {5C240343-8BF3-47CB-8F9E-57AF31662AF1}
		{E9BA4B5B-43A6-405B-9B84-9EDC1ADC5671} = {5C240343-8BF3-47CB-8F9E-57AF31662AF1}
		{9B448119-10C0-4364-AB65-D54006DABA5F} = {27A7DA9D-B5BA-4E23-9724-9AB2918295DC}
		{8189DD95-5CD6-4392-86B7-E39A788672E3} = {5C240343-8BF3-47CB-8F9E-57AF31662AF1}
		{CDE97852-8F6E-4B38-91CA-5686E206DC5A} = {A9B78204-FAE3-4497-A3F6-D1631C3E40A2}
		{A37F3786-3C9A-4CC8-8418-92CBBA9E8325} = {5C240343-8BF3-47CB-8F9E-57AF31662AF1}
		{E36D6884-0992-4E0D-8804-F7BE9A288E43} = {A9B78204-FAE3-4497-A3F6-D1631C3E40A2}
		{4698AE5D-9D4F-4672-A0CD-6D868514D581} = {A9B78204-FAE3-4497-A3F6-D1631C3E40A2}
		{B3E0E082-806B-49EF-B937-4DADBD81819A} = {27A7DA9D-B5BA-4E23-9724-9AB2918295DC}
		{7477B24D-37CA-40AF-A667-EC2B4AAFB489} = {A9B78204-FAE3-4497-A3F6-D1631C3E40A2}
		{2AA9CAEB-9C92-46A2-961F-53868B8FC699} = {70D29BC4-8785-4C79-83CC-3F3EBD03C27F}
		{B06E1E39-1960-419C-A9DD-A702F729F76A} = {27A7DA9D-B5BA-4E23-9724-9AB2918295DC}
		{A9B78204-FAE3-4497-A3F6-D1631C3E40A2} = {EEFC6651-1C3F-4FA8-808A-51109E01496C}
		{E28CA11D-CDA1-47BD-AD35-04A459077AFF} = {B9752D78-4A37-4D30-B433-B10F05CD4A23}
		{6EBF2F0D-5AB5-4868-97AF-410458604D6D} = {A9B78204-FAE3-4497-A3F6-D1631C3E40A2}
		{35A8660B-874F-4A8D-8EA4-8E67A5B2E258} = {5C240343-8BF3-47CB-8F9E-57AF31662AF1}
		{64327DBF-906B-48ED-A438-19F13D2B7A32} = {B9752D78-4A37-4D30-B433-B10F05CD4A23}
		{752A9808-E767-4D24-A865-3A7525490874} = {27A7DA9D-B5BA-4E23-9724-9AB2918295DC}
		{27A7DA9D-B5BA-4E23-9724-9AB2918295DC} = {25843328-A9BA-4FA0-ACAC-D76B81A63116}
		{EBB8A44E-C589-4F9B-BFE8-209603E19EEA} = {9C982577-70F7-41CF-A14D-3F619A796A69}
		{68FAC122-F6FF-4573-BF58-6818C795CB4E} = {EC2CEA14-2FEC-4764-B41C-8163C5FFACFF}
		{25843328-A9BA-4FA0-ACAC-D76B81A63116} = {EC2CEA14-2FEC-4764-B41C-8163C5FFACFF}
	EndGlobalSection
	GlobalSection(ExtensibilityGlobals) = postSolution
		SolutionGuid = {983F3B14-3E65-4519-A019-8D289C846022}
	EndGlobalSection
	GlobalSection(SharedMSBuildProjectFiles) = preSolution
		RewrittenRamuneLib\RewrittenRamuneLib.projitems*{1e8cbf6f-d66e-40e8-834b-f85ee6c3aa5d}*SharedItemsImports = 4
		RewrittenRamuneLib\RewrittenRamuneLib.projitems*{2aa9caeb-9c92-46a2-961f-53868b8fc699}*SharedItemsImports = 4
		RewrittenRamuneLib\RewrittenRamuneLib.projitems*{35a8660b-874f-4a8d-8ea4-8e67a5b2e258}*SharedItemsImports = 4
		RewrittenRamuneLib\RewrittenRamuneLib.projitems*{421bc22b-b46e-408d-838e-e1668b93d22b}*SharedItemsImports = 4
		RewrittenRamuneLib\RewrittenRamuneLib.projitems*{4698ae5d-9d4f-4672-a0cd-6d868514d581}*SharedItemsImports = 4
		RewrittenRamuneLib\RewrittenRamuneLib.projitems*{46c5cabf-7294-4203-a6f5-ec3ec8b0b7a1}*SharedItemsImports = 4
		RewrittenRamuneLib\RewrittenRamuneLib.projitems*{4cfb3351-a4ec-4a7b-8c2e-b6fec69df95f}*SharedItemsImports = 4
		RewrittenRamuneLib\RewrittenRamuneLib.projitems*{5028e6cd-6a8a-4dab-a6bd-29a3bfd39fda}*SharedItemsImports = 4
		RewrittenRamuneLib\RewrittenRamuneLib.projitems*{64327dbf-906b-48ed-a438-19f13d2b7a32}*SharedItemsImports = 4
		RewrittenRamuneLib\RewrittenRamuneLib.projitems*{69364c13-26fd-44a3-8114-685b7bbcc907}*SharedItemsImports = 4
		RewrittenRamuneLib\RewrittenRamuneLib.projitems*{6ebf2f0d-5ab5-4868-97af-410458604d6d}*SharedItemsImports = 4
		RewrittenRamuneLib\RewrittenRamuneLib.projitems*{7477b24d-37ca-40af-a667-ec2b4aafb489}*SharedItemsImports = 4
		RewrittenRamuneLib\RewrittenRamuneLib.projitems*{752a9808-e767-4d24-a865-3a7525490874}*SharedItemsImports = 4
		RewrittenRamuneLib\RewrittenRamuneLib.projitems*{8189dd95-5cd6-4392-86b7-e39a788672e3}*SharedItemsImports = 4
		RewrittenRamuneLib\RewrittenRamuneLib.projitems*{98630182-8b45-4ef7-b0cc-7ad81774870d}*SharedItemsImports = 4
		RewrittenRamuneLib\RewrittenRamuneLib.projitems*{9b448119-10c0-4364-ab65-d54006daba5f}*SharedItemsImports = 4
		RewrittenRamuneLib\RewrittenRamuneLib.projitems*{a37f3786-3c9a-4cc8-8418-92cbba9e8325}*SharedItemsImports = 4
		RewrittenRamuneLib\RewrittenRamuneLib.projitems*{a8601836-3c85-4f6d-898b-28bb0339417c}*SharedItemsImports = 4
		RewrittenRamuneLib\RewrittenRamuneLib.projitems*{ab2b66e9-d9d9-48c6-9f88-46bffe983a06}*SharedItemsImports = 4
		RewrittenRamuneLib\RewrittenRamuneLib.projitems*{b06e1e39-1960-419c-a9dd-a702f729f76a}*SharedItemsImports = 4
		RewrittenRamuneLib\RewrittenRamuneLib.projitems*{b3ca2907-96a4-4f33-aa2a-6a42f70efa3d}*SharedItemsImports = 4
		RewrittenRamuneLib\RewrittenRamuneLib.projitems*{b3e0e082-806b-49ef-b937-4dadbd81819a}*SharedItemsImports = 4
		RewrittenRamuneLib\RewrittenRamuneLib.projitems*{cde97852-8f6e-4b38-91ca-5686e206dc5a}*SharedItemsImports = 4
		RewrittenRamuneLib\RewrittenRamuneLib.projitems*{d113021b-3132-4bfa-8ab7-827868b40dad}*SharedItemsImports = 4
		RewrittenRamuneLib\RewrittenRamuneLib.projitems*{e0d65556-6fb9-4b1e-860e-b2e8352209f2}*SharedItemsImports = 4
		RewrittenRamuneLib\RewrittenRamuneLib.projitems*{e28ca11d-cda1-47bd-ad35-04a459077aff}*SharedItemsImports = 4
		RewrittenRamuneLib\RewrittenRamuneLib.projitems*{e36d6884-0992-4e0d-8804-f7be9a288e43}*SharedItemsImports = 4
		RewrittenRamuneLib\RewrittenRamuneLib.projitems*{e9ba4b5b-43a6-405b-9b84-9edc1adc5671}*SharedItemsImports = 4
		RewrittenRamuneLib\RewrittenRamuneLib.projitems*{ebb8a44e-c589-4f9b-bfe8-209603e19eea}*SharedItemsImports = 13
	EndGlobalSection
EndGlobal
